
Microsoft Visual Studio Solution File, Format Version 12.00
# Visual Studio Version 17
VisualStudioVersion = 17.0.32014.148
MinimumVisualStudioVersion = 10.0.40219.1
Project("{2150E333-8FDC-42A3-9474-1A3956D46DE8}") = "src", "src", "{9D3C5123-EAEA-4A86-9785-D472A0566A15}"
EndProject
Project("{2150E333-8FDC-42A3-9474-1A3956D46DE8}") = "test", "test", "{5569C692-61BA-4332-88E6-547EF141C85E}"
EndProject
Project("{2150E333-8FDC-42A3-9474-1A3956D46DE8}") = "Api", "Api", "{DB311163-8516-4B3D-80D0-0EF2C22CC3BD}"
EndProject
Project("{2150E333-8FDC-42A3-9474-1A3956D46DE8}") = "Core", "Core", "{1F82B778-CB3E-4318-8559-9479D77A4CCF}"
EndProject
Project("{2150E333-8FDC-42A3-9474-1A3956D46DE8}") = "Infrastructure", "Infrastructure", "{6F041A61-8281-44EE-A4D1-33FF9F19A9BB}"
EndProject
Project("{2150E333-8FDC-42A3-9474-1A3956D46DE8}") = "UI", "UI", "{3666FB0A-66BA-479E-901E-7A748642A4DA}"
EndProject
Project("{FAE04EC0-301F-11D3-BF4B-00C04F79EFBC}") = "KOPA.LoanManagement.Domain", "KOPA.LoanManagement.Domain\KOPA.LoanManagement.Domain.csproj", "{35CB85BC-5F56-48C4-AEDF-957C2744269C}"
EndProject
Project("{FAE04EC0-301F-11D3-BF4B-00C04F79EFBC}") = "KOPA.LoanManagement.Application", "KOPA.LoanManagement.Application\KOPA.LoanManagement.Application.csproj", "{C853215B-CB81-4F84-8F6D-E1C4660A1DDF}"
EndProject
Project("{FAE04EC0-301F-11D3-BF4B-00C04F79EFBC}") = "KOPA.LoanManagement.Infrastructure", "KOPA.LoanManagement.Infrastructure\KOPA.LoanManagement.Infrastructure.csproj", "{80DC655D-77BF-4B02-BABA-13A18ABA49B0}"
EndProject
Project("{FAE04EC0-301F-11D3-BF4B-00C04F79EFBC}") = "KOPA.LoanManagement.Persistence", "KOPA.LoanManagement.Persistence\KOPA.LoanManagement.Persistence.csproj", "{D5CDE2FE-5A36-4BD6-9739-0F79B3AF0A28}"
EndProject
Project("{FAE04EC0-301F-11D3-BF4B-00C04F79EFBC}") = "KOPA.LoanManagement.API", "KOPA.LoanManagement.API\KOPA.LoanManagement.API.csproj", "{431061CE-2537-486C-A62C-B929B322A7D3}"
EndProject
Global
	GlobalSection(SolutionConfigurationPlatforms) = preSolution
		Debug|Any CPU = Debug|Any CPU
		Release|Any CPU = Release|Any CPU
	EndGlobalSection
	GlobalSection(ProjectConfigurationPlatforms) = postSolution
		{35CB85BC-5F56-48C4-AEDF-957C2744269C}.Debug|Any CPU.ActiveCfg = Debug|Any CPU
		{35CB85BC-5F56-48C4-AEDF-957C2744269C}.Debug|Any CPU.Build.0 = Debug|Any CPU
		{35CB85BC-5F56-48C4-AEDF-957C2744269C}.Release|Any CPU.ActiveCfg = Release|Any CPU
		{35CB85BC-5F56-48C4-AEDF-957C2744269C}.Release|Any CPU.Build.0 = Release|Any CPU
		{C853215B-CB81-4F84-8F6D-E1C4660A1DDF}.Debug|Any CPU.ActiveCfg = Debug|Any CPU
		{C853215B-CB81-4F84-8F6D-E1C4660A1DDF}.Debug|Any CPU.Build.0 = Debug|Any CPU
		{C853215B-CB81-4F84-8F6D-E1C4660A1DDF}.Release|Any CPU.ActiveCfg = Release|Any CPU
		{C853215B-CB81-4F84-8F6D-E1C4660A1DDF}.Release|Any CPU.Build.0 = Release|Any CPU
		{80DC655D-77BF-4B02-BABA-13A18ABA49B0}.Debug|Any CPU.ActiveCfg = Debug|Any CPU
		{80DC655D-77BF-4B02-BABA-13A18ABA49B0}.Debug|Any CPU.Build.0 = Debug|Any CPU
		{80DC655D-77BF-4B02-BABA-13A18ABA49B0}.Release|Any CPU.ActiveCfg = Release|Any CPU
		{80DC655D-77BF-4B02-BABA-13A18ABA49B0}.Release|Any CPU.Build.0 = Release|Any CPU
		{D5CDE2FE-5A36-4BD6-9739-0F79B3AF0A28}.Debug|Any CPU.ActiveCfg = Debug|Any CPU
		{D5CDE2FE-5A36-4BD6-9739-0F79B3AF0A28}.Debug|Any CPU.Build.0 = Debug|Any CPU
		{D5CDE2FE-5A36-4BD6-9739-0F79B3AF0A28}.Release|Any CPU.ActiveCfg = Release|Any CPU
		{D5CDE2FE-5A36-4BD6-9739-0F79B3AF0A28}.Release|Any CPU.Build.0 = Release|Any CPU
		{431061CE-2537-486C-A62C-B929B322A7D3}.Debug|Any CPU.ActiveCfg = Debug|Any CPU
		{431061CE-2537-486C-A62C-B929B322A7D3}.Debug|Any CPU.Build.0 = Debug|Any CPU
		{431061CE-2537-486C-A62C-B929B322A7D3}.Release|Any CPU.ActiveCfg = Release|Any CPU
		{431061CE-2537-486C-A62C-B929B322A7D3}.Release|Any CPU.Build.0 = Release|Any CPU
	EndGlobalSection
	GlobalSection(SolutionProperties) = preSolution
		HideSolutionNode = FALSE
	EndGlobalSection
	GlobalSection(NestedProjects) = preSolution
		{DB311163-8516-4B3D-80D0-0EF2C22CC3BD} = {9D3C5123-EAEA-4A86-9785-D472A0566A15}
		{1F82B778-CB3E-4318-8559-9479D77A4CCF} = {9D3C5123-EAEA-4A86-9785-D472A0566A15}
		{6F041A61-8281-44EE-A4D1-33FF9F19A9BB} = {9D3C5123-EAEA-4A86-9785-D472A0566A15}
		{3666FB0A-66BA-479E-901E-7A748642A4DA} = {9D3C5123-EAEA-4A86-9785-D472A0566A15}
		{35CB85BC-5F56-48C4-AEDF-957C2744269C} = {1F82B778-CB3E-4318-8559-9479D77A4CCF}
		{C853215B-CB81-4F84-8F6D-E1C4660A1DDF} = {1F82B778-CB3E-4318-8559-9479D77A4CCF}
		{80DC655D-77BF-4B02-BABA-13A18ABA49B0} = {6F041A61-8281-44EE-A4D1-33FF9F19A9BB}
		{D5CDE2FE-5A36-4BD6-9739-0F79B3AF0A28} = {6F041A61-8281-44EE-A4D1-33FF9F19A9BB}
		{431061CE-2537-486C-A62C-B929B322A7D3} = {DB311163-8516-4B3D-80D0-0EF2C22CC3BD}
	EndGlobalSection
	GlobalSection(ExtensibilityGlobals) = postSolution
		SolutionGuid = {11D0FBA1-7831-4D14-957B-FFD80F4DF064}
	EndGlobalSection
EndGlobal
